# This file is automatically @generated by Cargo.
# It is not intended for manual editing.
version = 4

[[package]]
name = "bitfield-struct"
version = "0.10.1"
source = "registry+https://github.com/rust-lang/crates.io-index"
checksum = "2be5a46ba01b60005ae2c51a36a29cfe134bcacae2dd5cedcd4615fbaad1494b"
dependencies = [
 "proc-macro2",
 "quote",
 "syn",
]

[[package]]
name = "bitflags"
version = "2.9.1"
source = "registry+https://github.com/rust-lang/crates.io-index"
checksum = "1b8e56985ec62d17e9c1001dc89c88ecd7dc08e47eba5ec7c29c7b5eeecde967"

[[package]]
name = "byteorder"
version = "1.5.0"
source = "registry+https://github.com/rust-lang/crates.io-index"
checksum = "1fd0f2584146f6f2ef48085050886acf353beff7305ebd1ae69500e27c67f64b"

[[package]]
name = "critical-section"
version = "1.2.0"
source = "registry+https://github.com/rust-lang/crates.io-index"
checksum = "790eea4361631c5e7d22598ecd5723ff611904e3344ce8720784c93e3d83d40b"

[[package]]
name = "demo"
version = "0.1.0"
dependencies = [
 "bitfield-struct",
 "itoa",
 "mlogv32",
]

[[package]]
name = "embedded-hal"
version = "1.0.0"
source = "registry+https://github.com/rust-lang/crates.io-index"
checksum = "361a90feb7004eca4019fb28352a9465666b24f840f5c3cddf0ff13920590b89"

[[package]]
name = "hash32"
version = "0.3.1"
source = "registry+https://github.com/rust-lang/crates.io-index"
checksum = "47d60b12902ba28e2730cd37e95b8c9223af2808df9e902d4df49588d1470606"
dependencies = [
 "byteorder",
]

[[package]]
name = "heapless"
version = "0.8.0"
source = "registry+https://github.com/rust-lang/crates.io-index"
checksum = "0bfb9eb618601c89945a70e254898da93b13be0388091d42117462b265bb3fad"
dependencies = [
 "hash32",
 "stable_deref_trait",
]

[[package]]
name = "itoa"
version = "1.0.15"
source = "registry+https://github.com/rust-lang/crates.io-index"
checksum = "4a5f13b858c8d314ee3e8f639011f7ccefe71f97f96e50151fb991f267928e2c"

[[package]]
name = "mlogv32"
version = "0.1.0"
dependencies = [
 "bitflags",
 "riscv 0.12.1",
 "riscv-rt",
 "uart",
]

[[package]]
name = "num_enum"
version = "0.7.3"
source = "registry+https://github.com/rust-lang/crates.io-index"
checksum = "4e613fc340b2220f734a8595782c551f1250e969d87d3be1ae0579e8d4065179"
dependencies = [
 "num_enum_derive",
]

[[package]]
name = "num_enum_derive"
version = "0.7.3"
source = "registry+https://github.com/rust-lang/crates.io-index"
checksum = "af1844ef2428cc3e1cb900be36181049ef3d3193c63e43026cfe202983b27a56"
dependencies = [
 "proc-macro2",
 "quote",
 "syn",
]

[[package]]
name = "paste"
version = "1.0.15"
source = "registry+https://github.com/rust-lang/crates.io-index"
checksum = "57c0d7b74b563b49d38dae00a0c37d4d6de9b432382b2892f0574ddcae73fd0a"

[[package]]
name = "ppp"
version = "0.1.0"
dependencies = [
 "mlogv32",
 "ppproto",
]

[[package]]
name = "ppproto"
version = "0.2.1"
source = "registry+https://github.com/rust-lang/crates.io-index"
checksum = "2e97092aa0d37d5c9ff116dded64bcf99a89ecda7901fc305b2176bdfac967f2"
dependencies = [
 "heapless",
 "num_enum",
]

[[package]]
name = "proc-macro2"
version = "1.0.95"
source = "registry+https://github.com/rust-lang/crates.io-index"
checksum = "02b3e5e68a3a1a02aad3ec490a98007cbc13c37cbe84a3cd7b8e406d76e7f778"
dependencies = [
 "unicode-ident",
]

[[package]]
name = "quote"
version = "1.0.40"
source = "registry+https://github.com/rust-lang/crates.io-index"
checksum = "1885c039570dc00dcb4ff087a89e185fd56bae234ddc7f056a945bf36467248d"
dependencies = [
 "proc-macro2",
]

[[package]]
name = "riscv"
version = "0.12.1"
source = "registry+https://github.com/rust-lang/crates.io-index"
checksum = "5ea8ff73d3720bdd0a97925f0bf79ad2744b6da8ff36be3840c48ac81191d7a7"
dependencies = [
 "critical-section",
 "embedded-hal",
 "paste",
 "riscv-macros 0.1.0",
 "riscv-pac",
]

[[package]]
name = "riscv"
version = "0.14.0"
source = "registry+https://github.com/rust-lang/crates.io-index"
checksum = "0f1671c79a01a149fe000af2429ce9ccc8e58cdecda72672355d50e5536b363c"
dependencies = [
 "critical-section",
 "embedded-hal",
 "paste",
 "riscv-macros 0.2.0",
 "riscv-pac",
]

[[package]]
name = "riscv-macros"
version = "0.1.0"
source = "registry+https://github.com/rust-lang/crates.io-index"
checksum = "f265be5d634272320a7de94cea15c22a3bfdd4eb42eb43edc528415f066a1f25"
dependencies = [
 "proc-macro2",
 "quote",
 "syn",
]

[[package]]
name = "riscv-macros"
version = "0.2.0"
source = "registry+https://github.com/rust-lang/crates.io-index"
checksum = "e8c4aa1ea1af6dcc83a61be12e8189f9b293c3ba5a487778a4cd89fb060fdbbc"
dependencies = [
 "proc-macro2",
 "quote",
 "syn",
]

[[package]]
name = "riscv-pac"
version = "0.2.0"
source = "registry+https://github.com/rust-lang/crates.io-index"
checksum = "8188909339ccc0c68cfb5a04648313f09621e8b87dc03095454f1a11f6c5d436"

[[package]]
name = "riscv-rt"
version = "0.15.0"
source = "registry+https://github.com/rust-lang/crates.io-index"
checksum = "b6c77da9c9db362b1eec256399aa01b0b30c5af164921bc208f34fd6710cd938"
dependencies = [
 "riscv 0.14.0",
 "riscv-pac",
 "riscv-rt-macros",
 "riscv-target-parser",
]

[[package]]
name = "riscv-rt-macros"
version = "0.5.0"
source = "registry+https://github.com/rust-lang/crates.io-index"
checksum = "617d6812f513a0bad8d6d0b54c7225b36f5b024e821f3ec42e7c21051c9aacd3"
dependencies = [
 "proc-macro2",
 "quote",
 "syn",
]

[[package]]
name = "riscv-target-parser"
version = "0.1.2"
source = "registry+https://github.com/rust-lang/crates.io-index"
checksum = "fb12701a0129e07776b285c3fbde53166e6c49c350187adf793c1d7e1dc64355"

[[package]]
name = "sortKB"
version = "0.1.0"
dependencies = [
 "mlogv32",
]

[[package]]
name = "stable_deref_trait"
version = "1.2.0"
source = "registry+https://github.com/rust-lang/crates.io-index"
checksum = "a8f112729512f8e442d81f95a8a7ddf2b7c6b8a1a6f509a95864142b30cab2d3"

[[package]]
name = "syn"
version = "2.0.102"
source = "registry+https://github.com/rust-lang/crates.io-index"
checksum = "f6397daf94fa90f058bd0fd88429dd9e5738999cca8d701813c80723add80462"
dependencies = [
 "proc-macro2",
 "quote",
 "unicode-ident",
]

[[package]]
name = "uart"
version = "2.1.1"
source = "registry+https://github.com/rust-lang/crates.io-index"
checksum = "e43cb66305134d1113ca51b4bb5ae6d1f316714bb93146f2339d3a1557df2c83"
dependencies = [
 "bitflags",
]

[[package]]
name = "unicode-ident"
version = "1.0.18"
source = "registry+https://github.com/rust-lang/crates.io-index"
checksum = "5a5f39404a5da50712a4c1eecf25e90dd62b613502b7e925fd4e4d19b5c96512"
