# THIS IS AN AUTOGENERATED FILE. DO NOT EDIT THIS FILE DIRECTLY.
# yarn lockfile v1


mindustry-types@^1.0.3:
  version "1.0.3"
  resolved "https://registry.yarnpkg.com/mindustry-types/-/mindustry-types-1.0.3.tgz#43bb08287921337f0875a96ce73a7faf075ba8e8"
  integrity sha512-CmXeO0dGGZBf6XruR75F2a9hOZQ92ESvrE/O2LFa7Fk0YBOCXcDaaC6/5oq+cOHJI2cvTsIneDrPZkStIBytNg==
